// !$*UTF8*$!
{
	archiveVersion = 1;
	classes = {
	};
	objectVersion = 46;
	objects = {

/* Begin PBXBuildFile section */
		9F896D171E519036003071EE /* ChallengesViewController.swift in Sources */ = {isa = PBXBuildFile; fileRef = 9F896D161E519036003071EE /* ChallengesViewController.swift */; };
		9F896D191E51A461003071EE /* CircleView.swift in Sources */ = {isa = PBXBuildFile; fileRef = 9F896D181E51A461003071EE /* CircleView.swift */; };
		9F896D1B1E51B38A003071EE /* RoundedButton.swift in Sources */ = {isa = PBXBuildFile; fileRef = 9F896D1A1E51B38A003071EE /* RoundedButton.swift */; };
		AE0D27B01E4E274F006AD0B6 /* CardView.swift in Sources */ = {isa = PBXBuildFile; fileRef = AE0D27AF1E4E274F006AD0B6 /* CardView.swift */; };
		AE0D27B21E4E3551006AD0B6 /* Peace Sans Webfont.ttf in Resources */ = {isa = PBXBuildFile; fileRef = AE0D27B11E4E3551006AD0B6 /* Peace Sans Webfont.ttf */; };
		AE0D27B41E4E366A006AD0B6 /* SIMPLIFICA Typeface.ttf in Resources */ = {isa = PBXBuildFile; fileRef = AE0D27B31E4E366A006AD0B6 /* SIMPLIFICA Typeface.ttf */; };
		AECA35CA1E491AAE00C9DC45 /* AppDelegate.swift in Sources */ = {isa = PBXBuildFile; fileRef = AECA35C91E491AAE00C9DC45 /* AppDelegate.swift */; };
		AECA35CC1E491AAE00C9DC45 /* ViewController.swift in Sources */ = {isa = PBXBuildFile; fileRef = AECA35CB1E491AAE00C9DC45 /* ViewController.swift */; };
		AECA35CF1E491AAE00C9DC45 /* Main.storyboard in Resources */ = {isa = PBXBuildFile; fileRef = AECA35CD1E491AAE00C9DC45 /* Main.storyboard */; };
		AECA35D11E491AAE00C9DC45 /* Assets.xcassets in Resources */ = {isa = PBXBuildFile; fileRef = AECA35D01E491AAE00C9DC45 /* Assets.xcassets */; };
		AECA35D41E491AAE00C9DC45 /* LaunchScreen.storyboard in Resources */ = {isa = PBXBuildFile; fileRef = AECA35D21E491AAE00C9DC45 /* LaunchScreen.storyboard */; };
		C7A23B1A1E4DDE2D0042D176 /* customLayout.m in Sources */ = {isa = PBXBuildFile; fileRef = C7A23B191E4DDE2D0042D176 /* customLayout.m */; };
		C7A23B1F1E4DDE7B0042D176 /* CustomCollectionViewViewController.swift in Sources */ = {isa = PBXBuildFile; fileRef = C7A23B1E1E4DDE7B0042D176 /* CustomCollectionViewViewController.swift */; };
		D41F30B086687699A1DAC58E /* Pods_DashboardPrototype.framework in Frameworks */ = {isa = PBXBuildFile; fileRef = D6EB50AC74D526EDBF21DBD5 /* Pods_DashboardPrototype.framework */; };
/* End PBXBuildFile section */

/* Begin PBXFileReference section */
		0A1D0970DCB2B67D0C220C19 /* Pods-DashboardPrototype.release.xcconfig */ = {isa = PBXFileReference; includeInIndex = 1; lastKnownFileType = text.xcconfig; name = "Pods-DashboardPrototype.release.xcconfig"; path = "Pods/Target Support Files/Pods-DashboardPrototype/Pods-DashboardPrototype.release.xcconfig"; sourceTree = "<group>"; };
		13334682B592D49EDDBE01C2 /* Pods-DashboardPrototype.debug.xcconfig */ = {isa = PBXFileReference; includeInIndex = 1; lastKnownFileType = text.xcconfig; name = "Pods-DashboardPrototype.debug.xcconfig"; path = "Pods/Target Support Files/Pods-DashboardPrototype/Pods-DashboardPrototype.debug.xcconfig"; sourceTree = "<group>"; };
		9F896D161E519036003071EE /* ChallengesViewController.swift */ = {isa = PBXFileReference; fileEncoding = 4; lastKnownFileType = sourcecode.swift; path = ChallengesViewController.swift; sourceTree = "<group>"; };
		9F896D181E51A461003071EE /* CircleView.swift */ = {isa = PBXFileReference; fileEncoding = 4; lastKnownFileType = sourcecode.swift; path = CircleView.swift; sourceTree = "<group>"; };
		9F896D1A1E51B38A003071EE /* RoundedButton.swift */ = {isa = PBXFileReference; fileEncoding = 4; lastKnownFileType = sourcecode.swift; path = RoundedButton.swift; sourceTree = "<group>"; };
		AE0D27AF1E4E274F006AD0B6 /* CardView.swift */ = {isa = PBXFileReference; fileEncoding = 4; lastKnownFileType = sourcecode.swift; path = CardView.swift; sourceTree = "<group>"; };
		AE0D27B11E4E3551006AD0B6 /* Peace Sans Webfont.ttf */ = {isa = PBXFileReference; lastKnownFileType = file; path = "Peace Sans Webfont.ttf"; sourceTree = "<group>"; };
		AE0D27B31E4E366A006AD0B6 /* SIMPLIFICA Typeface.ttf */ = {isa = PBXFileReference; lastKnownFileType = file; path = "SIMPLIFICA Typeface.ttf"; sourceTree = "<group>"; };
		AECA35C61E491AAE00C9DC45 /* DashboardPrototype.app */ = {isa = PBXFileReference; explicitFileType = wrapper.application; includeInIndex = 0; path = DashboardPrototype.app; sourceTree = BUILT_PRODUCTS_DIR; };
		AECA35C91E491AAE00C9DC45 /* AppDelegate.swift */ = {isa = PBXFileReference; lastKnownFileType = sourcecode.swift; path = AppDelegate.swift; sourceTree = "<group>"; };
		AECA35CB1E491AAE00C9DC45 /* ViewController.swift */ = {isa = PBXFileReference; lastKnownFileType = sourcecode.swift; path = ViewController.swift; sourceTree = "<group>"; };
		AECA35CE1E491AAE00C9DC45 /* Base */ = {isa = PBXFileReference; lastKnownFileType = file.storyboard; name = Base; path = Base.lproj/Main.storyboard; sourceTree = "<group>"; };
		AECA35D01E491AAE00C9DC45 /* Assets.xcassets */ = {isa = PBXFileReference; lastKnownFileType = folder.assetcatalog; path = Assets.xcassets; sourceTree = "<group>"; };
		AECA35D31E491AAE00C9DC45 /* Base */ = {isa = PBXFileReference; lastKnownFileType = file.storyboard; name = Base; path = Base.lproj/LaunchScreen.storyboard; sourceTree = "<group>"; };
		AECA35D51E491AAE00C9DC45 /* Info.plist */ = {isa = PBXFileReference; lastKnownFileType = text.plist.xml; path = Info.plist; sourceTree = "<group>"; };
		C7A23B151E4DDE160042D176 /* DashboardPrototype-Bridging-Header.h */ = {isa = PBXFileReference; lastKnownFileType = sourcecode.c.h; path = "DashboardPrototype-Bridging-Header.h"; sourceTree = "<group>"; };
		C7A23B181E4DDE2D0042D176 /* customLayout.h */ = {isa = PBXFileReference; fileEncoding = 4; lastKnownFileType = sourcecode.c.h; path = customLayout.h; sourceTree = "<group>"; };
		C7A23B191E4DDE2D0042D176 /* customLayout.m */ = {isa = PBXFileReference; fileEncoding = 4; lastKnownFileType = sourcecode.c.objc; path = customLayout.m; sourceTree = "<group>"; };
		C7A23B1E1E4DDE7B0042D176 /* CustomCollectionViewViewController.swift */ = {isa = PBXFileReference; fileEncoding = 4; lastKnownFileType = sourcecode.swift; path = CustomCollectionViewViewController.swift; sourceTree = "<group>"; };
		D6EB50AC74D526EDBF21DBD5 /* Pods_DashboardPrototype.framework */ = {isa = PBXFileReference; explicitFileType = wrapper.framework; includeInIndex = 0; path = Pods_DashboardPrototype.framework; sourceTree = BUILT_PRODUCTS_DIR; };
/* End PBXFileReference section */

/* Begin PBXFrameworksBuildPhase section */
		AECA35C31E491AAE00C9DC45 /* Frameworks */ = {
			isa = PBXFrameworksBuildPhase;
			buildActionMask = 2147483647;
			files = (
				D41F30B086687699A1DAC58E /* Pods_DashboardPrototype.framework in Frameworks */,
			);
			runOnlyForDeploymentPostprocessing = 0;
		};
/* End PBXFrameworksBuildPhase section */

/* Begin PBXGroup section */
		3B3C49592B74533D556AC0CD /* Frameworks */ = {
			isa = PBXGroup;
			children = (
				D6EB50AC74D526EDBF21DBD5 /* Pods_DashboardPrototype.framework */,
			);
			name = Frameworks;
			sourceTree = "<group>";
		};
		9F896D151E519007003071EE /* Challenges */ = {
			isa = PBXGroup;
			children = (
				9F896D161E519036003071EE /* ChallengesViewController.swift */,
				9F896D181E51A461003071EE /* CircleView.swift */,
				9F896D1A1E51B38A003071EE /* RoundedButton.swift */,
			);
			name = Challenges;
			path = DashboardPrototype;
			sourceTree = "<group>";
		};
		AECA35BD1E491AAE00C9DC45 = {
			isa = PBXGroup;
			children = (
				C7A23B201E4DDEE90042D176 /* CustomLayout */,
				AECA35C81E491AAE00C9DC45 /* DashboardPrototype */,
				9F896D151E519007003071EE /* Challenges */,
				AECA35C71E491AAE00C9DC45 /* Products */,
				EF83EE230179F9F992A111AF /* Pods */,
				3B3C49592B74533D556AC0CD /* Frameworks */,
				C7A23B151E4DDE160042D176 /* DashboardPrototype-Bridging-Header.h */,
			);
			sourceTree = "<group>";
		};
		AECA35C71E491AAE00C9DC45 /* Products */ = {
			isa = PBXGroup;
			children = (
				AECA35C61E491AAE00C9DC45 /* DashboardPrototype.app */,
			);
			name = Products;
			sourceTree = "<group>";
		};
		AECA35C81E491AAE00C9DC45 /* DashboardPrototype */ = {
			isa = PBXGroup;
			children = (
				AECA35C91E491AAE00C9DC45 /* AppDelegate.swift */,
				C7A23B1E1E4DDE7B0042D176 /* CustomCollectionViewViewController.swift */,
				AECA35CB1E491AAE00C9DC45 /* ViewController.swift */,
				AECA35CD1E491AAE00C9DC45 /* Main.storyboard */,
				AE0D27AF1E4E274F006AD0B6 /* CardView.swift */,
				AECA35D01E491AAE00C9DC45 /* Assets.xcassets */,
				AECA35D21E491AAE00C9DC45 /* LaunchScreen.storyboard */,
				AECA35D51E491AAE00C9DC45 /* Info.plist */,
				AE0D27B11E4E3551006AD0B6 /* Peace Sans Webfont.ttf */,
				AE0D27B31E4E366A006AD0B6 /* SIMPLIFICA Typeface.ttf */,
			);
			path = DashboardPrototype;
			sourceTree = "<group>";
		};
		C7A23B201E4DDEE90042D176 /* CustomLayout */ = {
			isa = PBXGroup;
			children = (
				C7A23B181E4DDE2D0042D176 /* customLayout.h */,
				C7A23B191E4DDE2D0042D176 /* customLayout.m */,
			);
			name = CustomLayout;
			sourceTree = "<group>";
		};
		EF83EE230179F9F992A111AF /* Pods */ = {
			isa = PBXGroup;
			children = (
				13334682B592D49EDDBE01C2 /* Pods-DashboardPrototype.debug.xcconfig */,
				0A1D0970DCB2B67D0C220C19 /* Pods-DashboardPrototype.release.xcconfig */,
			);
			name = Pods;
			sourceTree = "<group>";
		};
/* End PBXGroup section */

/* Begin PBXNativeTarget section */
		AECA35C51E491AAE00C9DC45 /* DashboardPrototype */ = {
			isa = PBXNativeTarget;
			buildConfigurationList = AECA35D81E491AAE00C9DC45 /* Build configuration list for PBXNativeTarget "DashboardPrototype" */;
			buildPhases = (
				A870A6A5C4BF91A367A07751 /* [CP] Check Pods Manifest.lock */,
				AECA35C21E491AAE00C9DC45 /* Sources */,
				AECA35C31E491AAE00C9DC45 /* Frameworks */,
				AECA35C41E491AAE00C9DC45 /* Resources */,
				D0659131C58C71C526B9D756 /* [CP] Embed Pods Frameworks */,
				B5FA0152036B43D8098E1205 /* [CP] Copy Pods Resources */,
			);
			buildRules = (
			);
			dependencies = (
			);
			name = DashboardPrototype;
			productName = DashboardPrototype;
			productReference = AECA35C61E491AAE00C9DC45 /* DashboardPrototype.app */;
			productType = "com.apple.product-type.application";
		};
/* End PBXNativeTarget section */

/* Begin PBXProject section */
		AECA35BE1E491AAE00C9DC45 /* Project object */ = {
			isa = PBXProject;
			attributes = {
				LastSwiftUpdateCheck = 0820;
				LastUpgradeCheck = 0820;
				ORGANIZATIONNAME = "Nathanael Gethers";
				TargetAttributes = {
					AECA35C51E491AAE00C9DC45 = {
						CreatedOnToolsVersion = 8.2.1;
						DevelopmentTeam = RGTN4B5ZHY;
						LastSwiftMigration = 0820;
						ProvisioningStyle = Automatic;
					};
				};
			};
			buildConfigurationList = AECA35C11E491AAE00C9DC45 /* Build configuration list for PBXProject "DashboardPrototype" */;
			compatibilityVersion = "Xcode 3.2";
			developmentRegion = English;
			hasScannedForEncodings = 0;
			knownRegions = (
				en,
				Base,
			);
			mainGroup = AECA35BD1E491AAE00C9DC45;
			productRefGroup = AECA35C71E491AAE00C9DC45 /* Products */;
			projectDirPath = "";
			projectRoot = "";
			targets = (
				AECA35C51E491AAE00C9DC45 /* DashboardPrototype */,
			);
		};
/* End PBXProject section */

/* Begin PBXResourcesBuildPhase section */
		AECA35C41E491AAE00C9DC45 /* Resources */ = {
			isa = PBXResourcesBuildPhase;
			buildActionMask = 2147483647;
			files = (
				AE0D27B41E4E366A006AD0B6 /* SIMPLIFICA Typeface.ttf in Resources */,
				AECA35D41E491AAE00C9DC45 /* LaunchScreen.storyboard in Resources */,
				AECA35D11E491AAE00C9DC45 /* Assets.xcassets in Resources */,
				AE0D27B21E4E3551006AD0B6 /* Peace Sans Webfont.ttf in Resources */,
				AECA35CF1E491AAE00C9DC45 /* Main.storyboard in Resources */,
			);
			runOnlyForDeploymentPostprocessing = 0;
		};
/* End PBXResourcesBuildPhase section */

/* Begin PBXShellScriptBuildPhase section */
		A870A6A5C4BF91A367A07751 /* [CP] Check Pods Manifest.lock */ = {
			isa = PBXShellScriptBuildPhase;
			buildActionMask = 2147483647;
			files = (
			);
			inputPaths = (
			);
			name = "[CP] Check Pods Manifest.lock";
			outputPaths = (
			);
			runOnlyForDeploymentPostprocessing = 0;
			shellPath = /bin/sh;
			shellScript = "diff \"${PODS_ROOT}/../Podfile.lock\" \"${PODS_ROOT}/Manifest.lock\" > /dev/null\nif [ $? != 0 ] ; then\n    # print error to STDERR\n    echo \"error: The sandbox is not in sync with the Podfile.lock. Run 'pod install' or update your CocoaPods installation.\" >&2\n    exit 1\nfi\n";
			showEnvVarsInLog = 0;
		};
		B5FA0152036B43D8098E1205 /* [CP] Copy Pods Resources */ = {
			isa = PBXShellScriptBuildPhase;
			buildActionMask = 2147483647;
			files = (
			);
			inputPaths = (
			);
			name = "[CP] Copy Pods Resources";
			outputPaths = (
			);
			runOnlyForDeploymentPostprocessing = 0;
			shellPath = /bin/sh;
			shellScript = "\"${SRCROOT}/Pods/Target Support Files/Pods-DashboardPrototype/Pods-DashboardPrototype-resources.sh\"\n";
			showEnvVarsInLog = 0;
		};
		D0659131C58C71C526B9D756 /* [CP] Embed Pods Frameworks */ = {
			isa = PBXShellScriptBuildPhase;
			buildActionMask = 2147483647;
			files = (
			);
			inputPaths = (
			);
			name = "[CP] Embed Pods Frameworks";
			outputPaths = (
			);
			runOnlyForDeploymentPostprocessing = 0;
			shellPath = /bin/sh;
			shellScript = "\"${SRCROOT}/Pods/Target Support Files/Pods-DashboardPrototype/Pods-DashboardPrototype-frameworks.sh\"\n";
			showEnvVarsInLog = 0;
		};
/* End PBXShellScriptBuildPhase section */

/* Begin PBXSourcesBuildPhase section */
		AECA35C21E491AAE00C9DC45 /* Sources */ = {
			isa = PBXSourcesBuildPhase;
			buildActionMask = 2147483647;
			files = (
				AECA35CC1E491AAE00C9DC45 /* ViewController.swift in Sources */,
				C7A23B1A1E4DDE2D0042D176 /* customLayout.m in Sources */,
				C7A23B1F1E4DDE7B0042D176 /* CustomCollectionViewViewController.swift in Sources */,
				9F896D1B1E51B38A003071EE /* RoundedButton.swift in Sources */,
				AECA35CA1E491AAE00C9DC45 /* AppDelegate.swift in Sources */,
				9F896D171E519036003071EE /* ChallengesViewController.swift in Sources */,
				9F896D191E51A461003071EE /* CircleView.swift in Sources */,
				AE0D27B01E4E274F006AD0B6 /* CardView.swift in Sources */,
			);
			runOnlyForDeploymentPostprocessing = 0;
		};
/* End PBXSourcesBuildPhase section */

/* Begin PBXVariantGroup section */
		AECA35CD1E491AAE00C9DC45 /* Main.storyboard */ = {
			isa = PBXVariantGroup;
			children = (
				AECA35CE1E491AAE00C9DC45 /* Base */,
			);
			name = Main.storyboard;
			sourceTree = "<group>";
		};
		AECA35D21E491AAE00C9DC45 /* LaunchScreen.storyboard */ = {
			isa = PBXVariantGroup;
			children = (
				AECA35D31E491AAE00C9DC45 /* Base */,
			);
			name = LaunchScreen.storyboard;
			sourceTree = "<group>";
		};
/* End PBXVariantGroup section */

/* Begin XCBuildConfiguration section */
		AECA35D61E491AAE00C9DC45 /* Debug */ = {
			isa = XCBuildConfiguration;
			buildSettings = {
				ALWAYS_SEARCH_USER_PATHS = NO;
				CLANG_ANALYZER_NONNULL = YES;
				CLANG_CXX_LANGUAGE_STANDARD = "gnu++0x";
				CLANG_CXX_LIBRARY = "libc++";
				CLANG_ENABLE_MODULES = YES;
				CLANG_ENABLE_OBJC_ARC = YES;
				CLANG_WARN_BOOL_CONVERSION = YES;
				CLANG_WARN_CONSTANT_CONVERSION = YES;
				CLANG_WARN_DIRECT_OBJC_ISA_USAGE = YES_ERROR;
				CLANG_WARN_DOCUMENTATION_COMMENTS = YES;
				CLANG_WARN_EMPTY_BODY = YES;
				CLANG_WARN_ENUM_CONVERSION = YES;
				CLANG_WARN_INFINITE_RECURSION = YES;
				CLANG_WARN_INT_CONVERSION = YES;
				CLANG_WARN_OBJC_ROOT_CLASS = YES_ERROR;
				CLANG_WARN_SUSPICIOUS_MOVE = YES;
				CLANG_WARN_UNREACHABLE_CODE = YES;
				CLANG_WARN__DUPLICATE_METHOD_MATCH = YES;
				"CODE_SIGN_IDENTITY[sdk=iphoneos*]" = "iPhone Developer";
				COPY_PHASE_STRIP = NO;
				DEBUG_INFORMATION_FORMAT = dwarf;
				DEFINES_MODULE = YES;
				ENABLE_STRICT_OBJC_MSGSEND = YES;
				ENABLE_TESTABILITY = YES;
				GCC_C_LANGUAGE_STANDARD = gnu99;
				GCC_DYNAMIC_NO_PIC = NO;
				GCC_NO_COMMON_BLOCKS = YES;
				GCC_OPTIMIZATION_LEVEL = 0;
				GCC_PREPROCESSOR_DEFINITIONS = (
					"DEBUG=1",
					"$(inherited)",
				);
				GCC_WARN_64_TO_32_BIT_CONVERSION = YES;
				GCC_WARN_ABOUT_RETURN_TYPE = YES_ERROR;
				GCC_WARN_UNDECLARED_SELECTOR = YES;
				GCC_WARN_UNINITIALIZED_AUTOS = YES_AGGRESSIVE;
				GCC_WARN_UNUSED_FUNCTION = YES;
				GCC_WARN_UNUSED_VARIABLE = YES;
				IPHONEOS_DEPLOYMENT_TARGET = 10.2;
				MTL_ENABLE_DEBUG_INFO = YES;
				ONLY_ACTIVE_ARCH = YES;
				SDKROOT = iphoneos;
				SWIFT_ACTIVE_COMPILATION_CONDITIONS = DEBUG;
				SWIFT_OPTIMIZATION_LEVEL = "-Onone";
				TARGETED_DEVICE_FAMILY = "1,2";
			};
			name = Debug;
		};
		AECA35D71E491AAE00C9DC45 /* Release */ = {
			isa = XCBuildConfiguration;
			buildSettings = {
				ALWAYS_SEARCH_USER_PATHS = NO;
				CLANG_ANALYZER_NONNULL = YES;
				CLANG_CXX_LANGUAGE_STANDARD = "gnu++0x";
				CLANG_CXX_LIBRARY = "libc++";
				CLANG_ENABLE_MODULES = YES;
				CLANG_ENABLE_OBJC_ARC = YES;
				CLANG_WARN_BOOL_CONVERSION = YES;
				CLANG_WARN_CONSTANT_CONVERSION = YES;
				CLANG_WARN_DIRECT_OBJC_ISA_USAGE = YES_ERROR;
				CLANG_WARN_DOCUMENTATION_COMMENTS = YES;
				CLANG_WARN_EMPTY_BODY = YES;
				CLANG_WARN_ENUM_CONVERSION = YES;
				CLANG_WARN_INFINITE_RECURSION = YES;
				CLANG_WARN_INT_CONVERSION = YES;
				CLANG_WARN_OBJC_ROOT_CLASS = YES_ERROR;
				CLANG_WARN_SUSPICIOUS_MOVE = YES;
				CLANG_WARN_UNREACHABLE_CODE = YES;
				CLANG_WARN__DUPLICATE_METHOD_MATCH = YES;
				"CODE_SIGN_IDENTITY[sdk=iphoneos*]" = "iPhone Developer";
				COPY_PHASE_STRIP = NO;
				DEBUG_INFORMATION_FORMAT = "dwarf-with-dsym";
				DEFINES_MODULE = YES;
				ENABLE_NS_ASSERTIONS = NO;
				ENABLE_STRICT_OBJC_MSGSEND = YES;
				GCC_C_LANGUAGE_STANDARD = gnu99;
				GCC_NO_COMMON_BLOCKS = YES;
				GCC_WARN_64_TO_32_BIT_CONVERSION = YES;
				GCC_WARN_ABOUT_RETURN_TYPE = YES_ERROR;
				GCC_WARN_UNDECLARED_SELECTOR = YES;
				GCC_WARN_UNINITIALIZED_AUTOS = YES_AGGRESSIVE;
				GCC_WARN_UNUSED_FUNCTION = YES;
				GCC_WARN_UNUSED_VARIABLE = YES;
				IPHONEOS_DEPLOYMENT_TARGET = 10.2;
				MTL_ENABLE_DEBUG_INFO = NO;
				SDKROOT = iphoneos;
				SWIFT_OPTIMIZATION_LEVEL = "-Owholemodule";
				TARGETED_DEVICE_FAMILY = "1,2";
				VALIDATE_PRODUCT = YES;
			};
			name = Release;
		};
		AECA35D91E491AAE00C9DC45 /* Debug */ = {
			isa = XCBuildConfiguration;
			baseConfigurationReference = 13334682B592D49EDDBE01C2 /* Pods-DashboardPrototype.debug.xcconfig */;
			buildSettings = {
				ASSETCATALOG_COMPILER_APPICON_NAME = AppIcon;
				CLANG_ENABLE_MODULES = YES;
				DEVELOPMENT_TEAM = RGTN4B5ZHY;
				INFOPLIST_FILE = DashboardPrototype/Info.plist;
				LD_RUNPATH_SEARCH_PATHS = "$(inherited) @executable_path/Frameworks";
				PRODUCT_BUNDLE_IDENTIFIER = com.onlife.DashboardPrototype;
				PRODUCT_NAME = "$(TARGET_NAME)";
				SWIFT_OBJC_BRIDGING_HEADER = "DashboardPrototype-Bridging-Header.h";
				SWIFT_OPTIMIZATION_LEVEL = "-Onone";
				SWIFT_VERSION = 3.0;
			};
			name = Debug;
		};
		AECA35DA1E491AAE00C9DC45 /* Release */ = {
			isa = XCBuildConfiguration;
			baseConfigurationReference = 0A1D0970DCB2B67D0C220C19 /* Pods-DashboardPrototype.release.xcconfig */;
			buildSettings = {
				ASSETCATALOG_COMPILER_APPICON_NAME = AppIcon;
				CLANG_ENABLE_MODULES = YES;
				DEVELOPMENT_TEAM = RGTN4B5ZHY;
				INFOPLIST_FILE = DashboardPrototype/Info.plist;
				LD_RUNPATH_SEARCH_PATHS = "$(inherited) @executable_path/Frameworks";
				PRODUCT_BUNDLE_IDENTIFIER = com.onlife.DashboardPrototype;
				PRODUCT_NAME = "$(TARGET_NAME)";
				SWIFT_OBJC_BRIDGING_HEADER = "DashboardPrototype-Bridging-Header.h";
				SWIFT_VERSION = 3.0;
			};
			name = Release;
		};
/* End XCBuildConfiguration section */

/* Begin XCConfigurationList section */
		AECA35C11E491AAE00C9DC45 /* Build configuration list for PBXProject "DashboardPrototype" */ = {
			isa = XCConfigurationList;
			buildConfigurations = (
				AECA35D61E491AAE00C9DC45 /* Debug */,
				AECA35D71E491AAE00C9DC45 /* Release */,
			);
			defaultConfigurationIsVisible = 0;
			defaultConfigurationName = Release;
		};
		AECA35D81E491AAE00C9DC45 /* Build configuration list for PBXNativeTarget "DashboardPrototype" */ = {
			isa = XCConfigurationList;
			buildConfigurations = (
				AECA35D91E491AAE00C9DC45 /* Debug */,
				AECA35DA1E491AAE00C9DC45 /* Release */,
			);
			defaultConfigurationIsVisible = 0;
			defaultConfigurationName = Release;
		};
/* End XCConfigurationList section */
	};
	rootObject = AECA35BE1E491AAE00C9DC45 /* Project object */;
}
